
Microsoft Visual Studio Solution File, Format Version 12.00
# Visual Studio Version 17
VisualStudioVersion = 17.0.31903.59
MinimumVisualStudioVersion = 10.0.40219.1
Project("{FAE04EC0-301F-11D3-BF4B-00C04F79EFBC}") = "MyAppDI.Api", "MyAppDI.Api\MyAppDI.Api.csproj", "{63470899-701F-41B3-8A07-3E65353016B8}"
EndProject
Project("{FAE04EC0-301F-11D3-BF4B-00C04F79EFBC}") = "MyAppDI.Application", "MyAppDI.Application\MyAppDI.Application.csproj", "{00268E21-725E-4A10-A4E7-C044BF8BB0D5}"
EndProject
Project("{FAE04EC0-301F-11D3-BF4B-00C04F79EFBC}") = "MyAppDI.Domain", "MyAppDI.Domain\MyAppDI.Domain.csproj", "{BC6FD4F3-C054-4CE4-BAB5-35686D4229F6}"
EndProject
Project("{FAE04EC0-301F-11D3-BF4B-00C04F79EFBC}") = "MyAppDI.Infrastructure", "MyAppDI.Infrastructure\MyAppDI.Infrastructure.csproj", "{DBB7C511-DF59-4E0D-8B71-3A494ED8C7AF}"
EndProject
Global
	GlobalSection(SolutionConfigurationPlatforms) = preSolution
		Debug|Any CPU = Debug|Any CPU
		Release|Any CPU = Release|Any CPU
	EndGlobalSection
	GlobalSection(SolutionProperties) = preSolution
		HideSolutionNode = FALSE
	EndGlobalSection
	GlobalSection(ProjectConfigurationPlatforms) = postSolution
		{63470899-701F-41B3-8A07-3E65353016B8}.Debug|Any CPU.ActiveCfg = Debug|Any CPU
		{63470899-701F-41B3-8A07-3E65353016B8}.Debug|Any CPU.Build.0 = Debug|Any CPU
		{63470899-701F-41B3-8A07-3E65353016B8}.Release|Any CPU.ActiveCfg = Release|Any CPU
		{63470899-701F-41B3-8A07-3E65353016B8}.Release|Any CPU.Build.0 = Release|Any CPU
		{00268E21-725E-4A10-A4E7-C044BF8BB0D5}.Debug|Any CPU.ActiveCfg = Debug|Any CPU
		{00268E21-725E-4A10-A4E7-C044BF8BB0D5}.Debug|Any CPU.Build.0 = Debug|Any CPU
		{00268E21-725E-4A10-A4E7-C044BF8BB0D5}.Release|Any CPU.ActiveCfg = Release|Any CPU
		{00268E21-725E-4A10-A4E7-C044BF8BB0D5}.Release|Any CPU.Build.0 = Release|Any CPU
		{BC6FD4F3-C054-4CE4-BAB5-35686D4229F6}.Debug|Any CPU.ActiveCfg = Debug|Any CPU
		{BC6FD4F3-C054-4CE4-BAB5-35686D4229F6}.Debug|Any CPU.Build.0 = Debug|Any CPU
		{BC6FD4F3-C054-4CE4-BAB5-35686D4229F6}.Release|Any CPU.ActiveCfg = Release|Any CPU
		{BC6FD4F3-C054-4CE4-BAB5-35686D4229F6}.Release|Any CPU.Build.0 = Release|Any CPU
		{DBB7C511-DF59-4E0D-8B71-3A494ED8C7AF}.Debug|Any CPU.ActiveCfg = Debug|Any CPU
		{DBB7C511-DF59-4E0D-8B71-3A494ED8C7AF}.Debug|Any CPU.Build.0 = Debug|Any CPU
		{DBB7C511-DF59-4E0D-8B71-3A494ED8C7AF}.Release|Any CPU.ActiveCfg = Release|Any CPU
		{DBB7C511-DF59-4E0D-8B71-3A494ED8C7AF}.Release|Any CPU.Build.0 = Release|Any CPU
	EndGlobalSection
EndGlobal
